
Microsoft Visual Studio Solution File, Format Version 12.00
# Visual Studio Version 17
VisualStudioVersion = 17.9.34622.214
MinimumVisualStudioVersion = 10.0.40219.1
Project("{FAE04EC0-301F-11D3-BF4B-00C04F79EFBC}") = "ExaminationSystem", "ExaminationSystem\ExaminationSystem.csproj", "{7834E144-224F-4B91-8D66-D70AC51CBA64}"
EndProject
Global
	GlobalSection(SolutionConfigurationPlatforms) = preSolution
		Debug|Any CPU = Debug|Any CPU
		Release|Any CPU = Release|Any CPU
	EndGlobalSection
	GlobalSection(ProjectConfigurationPlatforms) = postSolution
		{7834E144-224F-4B91-8D66-D70AC51CBA64}.Debug|Any CPU.ActiveCfg = Debug|Any CPU
		{7834E144-224F-4B91-8D66-D70AC51CBA64}.Debug|Any CPU.Build.0 = Debug|Any CPU
		{7834E144-224F-4B91-8D66-D70AC51CBA64}.Release|Any CPU.ActiveCfg = Release|Any CPU
		{7834E144-224F-4B91-8D66-D70AC51CBA64}.Release|Any CPU.Build.0 = Release|Any CPU
	EndGlobalSection
	GlobalSection(SolutionProperties) = preSolution
		HideSolutionNode = FALSE
	EndGlobalSection
	GlobalSection(ExtensibilityGlobals) = postSolution
		SolutionGuid = {097B5120-B107-41F7-B107-33355B843C04}
	EndGlobalSection
EndGlobal
